# THIS IS AN AUTOGENERATED FILE. DO NOT EDIT THIS FILE DIRECTLY.
# yarn lockfile v1


angular@1.6.8:
  version "1.6.8"
  resolved "https://registry.yarnpkg.com/angular/-/angular-1.6.8.tgz#5be378a58be91a5489e78b59c4518cd9fd273ffb"

bootstrap-colorpicker@2.5.1:
  version "2.5.1"
  resolved "https://registry.yarnpkg.com/bootstrap-colorpicker/-/bootstrap-colorpicker-2.5.1.tgz#fdf70646956f51e640b031f43f22dd868592ef4c"
  dependencies:
    jquery ">=1.10"

bootstrap-switch@3.3.4:
  version "3.3.4"
  resolved "https://registry.yarnpkg.com/bootstrap-switch/-/bootstrap-switch-3.3.4.tgz#70e0aeb2a877c0dc766991de108e2170fc29a2ff"

bootstrap@3.3.7:
  version "3.3.7"
  resolved "https://registry.yarnpkg.com/bootstrap/-/bootstrap-3.3.7.tgz#5a389394549f23330875a3b150656574f8a9eb71"

datatables.net-bs@^1.10.16:
  version "1.10.16"
  resolved "https://registry.yarnpkg.com/datatables.net-bs/-/datatables.net-bs-1.10.16.tgz#b0854f5b374f713ae3db4156c7cea8a760c3de76"
  dependencies:
    datatables.net "1.10.16"
    jquery ">=1.7"

datatables.net@1.10.16:
  version "1.10.16"
  resolved "https://registry.yarnpkg.com/datatables.net/-/datatables.net-1.10.16.tgz#4b052d1082824261b68eed9d22741b711d3d2469"
  dependencies:
    jquery ">=1.7"

eve-raphael@0.5.0:
  version "0.5.0"
  resolved "https://registry.yarnpkg.com/eve-raphael/-/eve-raphael-0.5.0.tgz#17c754b792beef3fa6684d79cf5a47c63c4cda30"

font-awesome@4.7.0:
  version "4.7.0"
  resolved "https://registry.yarnpkg.com/font-awesome/-/font-awesome-4.7.0.tgz#8fa8cf0411a1a31afd07b06d2902bb9fc815a133"

fullcalendar@3.8.0:
  version "3.8.0"
  resolved "https://registry.yarnpkg.com/fullcalendar/-/fullcalendar-3.8.0.tgz#4c0fe494a62b0a8d640c6de8eb883b49a212b5dc"
  dependencies:
    jquery "2 - 3"
    moment "^2.9.0"

jquery-datetimepicker@^2.5.16:
  version "2.5.17"
  resolved "https://registry.yarnpkg.com/jquery-datetimepicker/-/jquery-datetimepicker-2.5.17.tgz#8857a631f248081d4072563bde40fa8c17e407b1"
  dependencies:
    jquery ">= 1.7.2"
    jquery-mousewheel ">= 3.1.13"
    php-date-formatter "^1.3.4"

"jquery-mousewheel@>= 3.1.13":
  version "3.1.13"
  resolved "https://registry.yarnpkg.com/jquery-mousewheel/-/jquery-mousewheel-3.1.13.tgz#06f0335f16e353a695e7206bf50503cb523a6ee5"

jquery-ui-dist@^1.12:
  version "1.12.1"
  resolved "https://registry.yarnpkg.com/jquery-ui-dist/-/jquery-ui-dist-1.12.1.tgz#5c0815d3cc6f90ff5faaf5b268a6e23b4ca904fa"

jquery-validation@1.17.0:
  version "1.17.0"
  resolved "https://registry.yarnpkg.com/jquery-validation/-/jquery-validation-1.17.0.tgz#ab66b6b583d7740b9bbd148993e50e8ac041f35b"
  dependencies:
    jquery "^1.7 || ^2.0 || ^3.1"

"jquery@2 - 3", "jquery@>= 1.7.2", jquery@>=1.10, jquery@>=1.6.0, jquery@>=1.7, "jquery@^1.7 || ^2.0 || ^3.1":
  version "3.3.1"
  resolved "https://registry.yarnpkg.com/jquery/-/jquery-3.3.1.tgz#958ce29e81c9790f31be7792df5d4d95fc57fbca"

jquery@3.2.1:
  version "3.2.1"
  resolved "https://registry.yarnpkg.com/jquery/-/jquery-3.2.1.tgz#5c4d9de652af6cd0a770154a631bba12b015c787"

moment@2.20.1, moment@^2.9.0:
  version "2.20.1"
  resolved "https://registry.yarnpkg.com/moment/-/moment-2.20.1.tgz#d6eb1a46cbcc14a2b2f9434112c1ff8907f313fd"

morris-data@0.5.1:
  version "0.5.1"
  resolved "https://registry.yarnpkg.com/morris-data/-/morris-data-0.5.1.tgz#1ead77e6a023b9d4c8b196bdbe49002102e144a3"

morris.js.so@0.5.1:
  version "0.5.1"
  resolved "https://registry.yarnpkg.com/morris.js.so/-/morris.js.so-0.5.1.tgz#9009b73b2518d1847c3f20be8daff5b25f90b680"

php-date-formatter@^1.3.4:
  version "1.3.4"
  resolved "https://registry.yarnpkg.com/php-date-formatter/-/php-date-formatter-1.3.4.tgz#09a15ae0766ba0beb1900c27c1ec319ef2e4563e"

pnotify@3.2.1:
  version "3.2.1"
  resolved "https://registry.yarnpkg.com/pnotify/-/pnotify-3.2.1.tgz#eb68fb57fd1835764f23253235c1e973c456eb19"
  dependencies:
    jquery ">=1.6.0"

raphael@2.2.7:
  version "2.2.7"
  resolved "https://registry.yarnpkg.com/raphael/-/raphael-2.2.7.tgz#231b19141f8d086986d8faceb66f8b562ee2c810"
  dependencies:
    eve-raphael "0.5.0"
